// !$*UTF8*$!
{
	archiveVersion = 1;
	classes = {
	};
	objectVersion = 46;
	objects = {

/* Begin PBXBuildFile section */
		532387351A126085005E9C8A /* Storyboard.storyboard in Resources */ = {isa = PBXBuildFile; fileRef = 532387341A126085005E9C8A /* Storyboard.storyboard */; };
		532387381A126139005E9C8A /* TWAlbumTableViewController.m in Sources */ = {isa = PBXBuildFile; fileRef = 532387371A126139005E9C8A /* TWAlbumTableViewController.m */; };
		53E8E06A1A11201200259FE3 /* main.m in Sources */ = {isa = PBXBuildFile; fileRef = 53E8E0691A11201200259FE3 /* main.m */; };
		53E8E06D1A11201200259FE3 /* AppDelegate.m in Sources */ = {isa = PBXBuildFile; fileRef = 53E8E06C1A11201200259FE3 /* AppDelegate.m */; };
		53E8E0701A11201200259FE3 /* Thousand_Words.xcdatamodeld in Sources */ = {isa = PBXBuildFile; fileRef = 53E8E06E1A11201200259FE3 /* Thousand_Words.xcdatamodeld */; };
		53E8E0781A11201200259FE3 /* Images.xcassets in Resources */ = {isa = PBXBuildFile; fileRef = 53E8E0771A11201200259FE3 /* Images.xcassets */; };
		53E8E0871A11201200259FE3 /* Thousand_WordsTests.m in Sources */ = {isa = PBXBuildFile; fileRef = 53E8E0861A11201200259FE3 /* Thousand_WordsTests.m */; };
/* End PBXBuildFile section */

/* Begin PBXContainerItemProxy section */
		53E8E0811A11201200259FE3 /* PBXContainerItemProxy */ = {
			isa = PBXContainerItemProxy;
			containerPortal = 53E8E05C1A11201200259FE3 /* Project object */;
			proxyType = 1;
			remoteGlobalIDString = 53E8E0631A11201200259FE3;
			remoteInfo = "Thousand Words";
		};
/* End PBXContainerItemProxy section */

/* Begin PBXFileReference section */
		532387341A126085005E9C8A /* Storyboard.storyboard */ = {isa = PBXFileReference; fileEncoding = 4; lastKnownFileType = file.storyboard; path = Storyboard.storyboard; sourceTree = "<group>"; };
		532387361A126139005E9C8A /* TWAlbumTableViewController.h */ = {isa = PBXFileReference; fileEncoding = 4; lastKnownFileType = sourcecode.c.h; path = TWAlbumTableViewController.h; sourceTree = "<group>"; };
		532387371A126139005E9C8A /* TWAlbumTableViewController.m */ = {isa = PBXFileReference; fileEncoding = 4; lastKnownFileType = sourcecode.c.objc; path = TWAlbumTableViewController.m; sourceTree = "<group>"; };
		53E8E0641A11201200259FE3 /* Thousand Words.app */ = {isa = PBXFileReference; explicitFileType = wrapper.application; includeInIndex = 0; path = "Thousand Words.app"; sourceTree = BUILT_PRODUCTS_DIR; };
		53E8E0681A11201200259FE3 /* Info.plist */ = {isa = PBXFileReference; lastKnownFileType = text.plist.xml; path = Info.plist; sourceTree = "<group>"; };
		53E8E0691A11201200259FE3 /* main.m */ = {isa = PBXFileReference; lastKnownFileType = sourcecode.c.objc; path = main.m; sourceTree = "<group>"; };
		53E8E06B1A11201200259FE3 /* AppDelegate.h */ = {isa = PBXFileReference; lastKnownFileType = sourcecode.c.h; path = AppDelegate.h; sourceTree = "<group>"; };
		53E8E06C1A11201200259FE3 /* AppDelegate.m */ = {isa = PBXFileReference; lastKnownFileType = sourcecode.c.objc; path = AppDelegate.m; sourceTree = "<group>"; };
		53E8E06F1A11201200259FE3 /* Thousand_Words.xcdatamodel */ = {isa = PBXFileReference; lastKnownFileType = wrapper.xcdatamodel; path = Thousand_Words.xcdatamodel; sourceTree = "<group>"; };
		53E8E0771A11201200259FE3 /* Images.xcassets */ = {isa = PBXFileReference; lastKnownFileType = folder.assetcatalog; path = Images.xcassets; sourceTree = "<group>"; };
		53E8E0801A11201200259FE3 /* Thousand WordsTests.xctest */ = {isa = PBXFileReference; explicitFileType = wrapper.cfbundle; includeInIndex = 0; path = "Thousand WordsTests.xctest"; sourceTree = BUILT_PRODUCTS_DIR; };
		53E8E0851A11201200259FE3 /* Info.plist */ = {isa = PBXFileReference; lastKnownFileType = text.plist.xml; path = Info.plist; sourceTree = "<group>"; };
		53E8E0861A11201200259FE3 /* Thousand_WordsTests.m */ = {isa = PBXFileReference; lastKnownFileType = sourcecode.c.objc; path = Thousand_WordsTests.m; sourceTree = "<group>"; };
/* End PBXFileReference section */

/* Begin PBXFrameworksBuildPhase section */
		53E8E0611A11201200259FE3 /* Frameworks */ = {
			isa = PBXFrameworksBuildPhase;
			buildActionMask = 2147483647;
			files = (
			);
			runOnlyForDeploymentPostprocessing = 0;
		};
		53E8E07D1A11201200259FE3 /* Frameworks */ = {
			isa = PBXFrameworksBuildPhase;
			buildActionMask = 2147483647;
			files = (
			);
			runOnlyForDeploymentPostprocessing = 0;
		};
/* End PBXFrameworksBuildPhase section */

/* Begin PBXGroup section */
		53E8E05B1A11201200259FE3 = {
			isa = PBXGroup;
			children = (
				53E8E0661A11201200259FE3 /* Thousand Words */,
				53E8E0831A11201200259FE3 /* Thousand WordsTests */,
				53E8E0651A11201200259FE3 /* Products */,
			);
			sourceTree = "<group>";
		};
		53E8E0651A11201200259FE3 /* Products */ = {
			isa = PBXGroup;
			children = (
				53E8E0641A11201200259FE3 /* Thousand Words.app */,
				53E8E0801A11201200259FE3 /* Thousand WordsTests.xctest */,
			);
			name = Products;
			sourceTree = "<group>";
		};
		53E8E0661A11201200259FE3 /* Thousand Words */ = {
			isa = PBXGroup;
			children = (
				532387361A126139005E9C8A /* TWAlbumTableViewController.h */,
				532387371A126139005E9C8A /* TWAlbumTableViewController.m */,
				532387341A126085005E9C8A /* Storyboard.storyboard */,
				53E8E0771A11201200259FE3 /* Images.xcassets */,
				53E8E06E1A11201200259FE3 /* Thousand_Words.xcdatamodeld */,
				53E8E0671A11201200259FE3 /* Supporting Files */,
			);
			path = "Thousand Words";
			sourceTree = "<group>";
		};
		53E8E0671A11201200259FE3 /* Supporting Files */ = {
			isa = PBXGroup;
			children = (
				53E8E06B1A11201200259FE3 /* AppDelegate.h */,
				53E8E06C1A11201200259FE3 /* AppDelegate.m */,
				53E8E0681A11201200259FE3 /* Info.plist */,
				53E8E0691A11201200259FE3 /* main.m */,
			);
			name = "Supporting Files";
			sourceTree = "<group>";
		};
		53E8E0831A11201200259FE3 /* Thousand WordsTests */ = {
			isa = PBXGroup;
			children = (
				53E8E0861A11201200259FE3 /* Thousand_WordsTests.m */,
				53E8E0841A11201200259FE3 /* Supporting Files */,
			);
			path = "Thousand WordsTests";
			sourceTree = "<group>";
		};
		53E8E0841A11201200259FE3 /* Supporting Files */ = {
			isa = PBXGroup;
			children = (
				53E8E0851A11201200259FE3 /* Info.plist */,
			);
			name = "Supporting Files";
			sourceTree = "<group>";
		};
/* End PBXGroup section */

/* Begin PBXNativeTarget section */
		53E8E0631A11201200259FE3 /* Thousand Words */ = {
			isa = PBXNativeTarget;
			buildConfigurationList = 53E8E08A1A11201200259FE3 /* Build configuration list for PBXNativeTarget "Thousand Words" */;
			buildPhases = (
				53E8E0601A11201200259FE3 /* Sources */,
				53E8E0611A11201200259FE3 /* Frameworks */,
				53E8E0621A11201200259FE3 /* Resources */,
			);
			buildRules = (
			);
			dependencies = (
			);
			name = "Thousand Words";
			productName = "Thousand Words";
			productReference = 53E8E0641A11201200259FE3 /* Thousand Words.app */;
			productType = "com.apple.product-type.application";
		};
		53E8E07F1A11201200259FE3 /* Thousand WordsTests */ = {
			isa = PBXNativeTarget;
			buildConfigurationList = 53E8E08D1A11201200259FE3 /* Build configuration list for PBXNativeTarget "Thousand WordsTests" */;
			buildPhases = (
				53E8E07C1A11201200259FE3 /* Sources */,
				53E8E07D1A11201200259FE3 /* Frameworks */,
				53E8E07E1A11201200259FE3 /* Resources */,
			);
			buildRules = (
			);
			dependencies = (
				53E8E0821A11201200259FE3 /* PBXTargetDependency */,
			);
			name = "Thousand WordsTests";
			productName = "Thousand WordsTests";
			productReference = 53E8E0801A11201200259FE3 /* Thousand WordsTests.xctest */;
			productType = "com.apple.product-type.bundle.unit-test";
		};
/* End PBXNativeTarget section */

/* Begin PBXProject section */
		53E8E05C1A11201200259FE3 /* Project object */ = {
			isa = PBXProject;
			attributes = {
				LastUpgradeCheck = 0600;
				TargetAttributes = {
					53E8E0631A11201200259FE3 = {
						CreatedOnToolsVersion = 6.0.1;
					};
					53E8E07F1A11201200259FE3 = {
						CreatedOnToolsVersion = 6.0.1;
						TestTargetID = 53E8E0631A11201200259FE3;
					};
				};
			};
			buildConfigurationList = 53E8E05F1A11201200259FE3 /* Build configuration list for PBXProject "Thousand Words" */;
			compatibilityVersion = "Xcode 3.2";
			developmentRegion = English;
			hasScannedForEncodings = 0;
			knownRegions = (
				en,
				Base,
			);
			mainGroup = 53E8E05B1A11201200259FE3;
			productRefGroup = 53E8E0651A11201200259FE3 /* Products */;
			projectDirPath = "";
			projectRoot = "";
			targets = (
				53E8E0631A11201200259FE3 /* Thousand Words */,
				53E8E07F1A11201200259FE3 /* Thousand WordsTests */,
			);
		};
/* End PBXProject section */

/* Begin PBXResourcesBuildPhase section */
		53E8E0621A11201200259FE3 /* Resources */ = {
			isa = PBXResourcesBuildPhase;
			buildActionMask = 2147483647;
			files = (
				53E8E0781A11201200259FE3 /* Images.xcassets in Resources */,
				532387351A126085005E9C8A /* Storyboard.storyboard in Resources */,
			);
			runOnlyForDeploymentPostprocessing = 0;
		};
		53E8E07E1A11201200259FE3 /* Resources */ = {
			isa = PBXResourcesBuildPhase;
			buildActionMask = 2147483647;
			files = (
			);
			runOnlyForDeploymentPostprocessing = 0;
		};
/* End PBXResourcesBuildPhase section */

/* Begin PBXSourcesBuildPhase section */
		53E8E0601A11201200259FE3 /* Sources */ = {
			isa = PBXSourcesBuildPhase;
			buildActionMask = 2147483647;
			files = (
				53E8E06D1A11201200259FE3 /* AppDelegate.m in Sources */,
				53E8E06A1A11201200259FE3 /* main.m in Sources */,
				532387381A126139005E9C8A /* TWAlbumTableViewController.m in Sources */,
				53E8E0701A11201200259FE3 /* Thousand_Words.xcdatamodeld in Sources */,
			);
			runOnlyForDeploymentPostprocessing = 0;
		};
		53E8E07C1A11201200259FE3 /* Sources */ = {
			isa = PBXSourcesBuildPhase;
			buildActionMask = 2147483647;
			files = (
				53E8E0871A11201200259FE3 /* Thousand_WordsTests.m in Sources */,
			);
			runOnlyForDeploymentPostprocessing = 0;
		};
/* End PBXSourcesBuildPhase section */

/* Begin PBXTargetDependency section */
		53E8E0821A11201200259FE3 /* PBXTargetDependency */ = {
			isa = PBXTargetDependency;
			target = 53E8E0631A11201200259FE3 /* Thousand Words */;
			targetProxy = 53E8E0811A11201200259FE3 /* PBXContainerItemProxy */;
		};
/* End PBXTargetDependency section */

/* Begin XCBuildConfiguration section */
		53E8E0881A11201200259FE3 /* Debug */ = {
			isa = XCBuildConfiguration;
			buildSettings = {
				ALWAYS_SEARCH_USER_PATHS = NO;
				CLANG_CXX_LANGUAGE_STANDARD = "gnu++0x";
				CLANG_CXX_LIBRARY = "libc++";
				CLANG_ENABLE_MODULES = YES;
				CLANG_ENABLE_OBJC_ARC = YES;
				CLANG_WARN_BOOL_CONVERSION = YES;
				CLANG_WARN_CONSTANT_CONVERSION = YES;
				CLANG_WARN_DIRECT_OBJC_ISA_USAGE = YES_ERROR;
				CLANG_WARN_EMPTY_BODY = YES;
				CLANG_WARN_ENUM_CONVERSION = YES;
				CLANG_WARN_INT_CONVERSION = YES;
				CLANG_WARN_OBJC_ROOT_CLASS = YES_ERROR;
				CLANG_WARN_UNREACHABLE_CODE = YES;
				CLANG_WARN__DUPLICATE_METHOD_MATCH = YES;
				"CODE_SIGN_IDENTITY[sdk=iphoneos*]" = "iPhone Developer";
				COPY_PHASE_STRIP = NO;
				ENABLE_STRICT_OBJC_MSGSEND = YES;
				GCC_C_LANGUAGE_STANDARD = gnu99;
				GCC_DYNAMIC_NO_PIC = NO;
				GCC_OPTIMIZATION_LEVEL = 0;
				GCC_PREPROCESSOR_DEFINITIONS = (
					"DEBUG=1",
					"$(inherited)",
				);
				GCC_SYMBOLS_PRIVATE_EXTERN = NO;
				GCC_WARN_64_TO_32_BIT_CONVERSION = YES;
				GCC_WARN_ABOUT_RETURN_TYPE = YES_ERROR;
				GCC_WARN_UNDECLARED_SELECTOR = YES;
				GCC_WARN_UNINITIALIZED_AUTOS = YES_AGGRESSIVE;
				GCC_WARN_UNUSED_FUNCTION = YES;
				GCC_WARN_UNUSED_VARIABLE = YES;
				IPHONEOS_DEPLOYMENT_TARGET = 8.0;
				MTL_ENABLE_DEBUG_INFO = YES;
				ONLY_ACTIVE_ARCH = YES;
				SDKROOT = iphoneos;
			};
			name = Debug;
		};
		53E8E0891A11201200259FE3 /* Release */ = {
			isa = XCBuildConfiguration;
			buildSettings = {
				ALWAYS_SEARCH_USER_PATHS = NO;
				CLANG_CXX_LANGUAGE_STANDARD = "gnu++0x";
				CLANG_CXX_LIBRARY = "libc++";
				CLANG_ENABLE_MODULES = YES;
				CLANG_ENABLE_OBJC_ARC = YES;
				CLANG_WARN_BOOL_CONVERSION = YES;
				CLANG_WARN_CONSTANT_CONVERSION = YES;
				CLANG_WARN_DIRECT_OBJC_ISA_USAGE = YES_ERROR;
				CLANG_WARN_EMPTY_BODY = YES;
				CLANG_WARN_ENUM_CONVERSION = YES;
				CLANG_WARN_INT_CONVERSION = YES;
				CLANG_WARN_OBJC_ROOT_CLASS = YES_ERROR;
				CLANG_WARN_UNREACHABLE_CODE = YES;
				CLANG_WARN__DUPLICATE_METHOD_MATCH = YES;
				"CODE_SIGN_IDENTITY[sdk=iphoneos*]" = "iPhone Developer";
				COPY_PHASE_STRIP = YES;
				ENABLE_NS_ASSERTIONS = NO;
				ENABLE_STRICT_OBJC_MSGSEND = YES;
				GCC_C_LANGUAGE_STANDARD = gnu99;
				GCC_WARN_64_TO_32_BIT_CONVERSION = YES;
				GCC_WARN_ABOUT_RETURN_TYPE = YES_ERROR;
				GCC_WARN_UNDECLARED_SELECTOR = YES;
				GCC_WARN_UNINITIALIZED_AUTOS = YES_AGGRESSIVE;
				GCC_WARN_UNUSED_FUNCTION = YES;
				GCC_WARN_UNUSED_VARIABLE = YES;
				IPHONEOS_DEPLOYMENT_TARGET = 8.0;
				MTL_ENABLE_DEBUG_INFO = NO;
				SDKROOT = iphoneos;
				VALIDATE_PRODUCT = YES;
			};
			name = Release;
		};
		53E8E08B1A11201200259FE3 /* Debug */ = {
			isa = XCBuildConfiguration;
			buildSettings = {
				ASSETCATALOG_COMPILER_APPICON_NAME = AppIcon;
				INFOPLIST_FILE = "Thousand Words/Info.plist";
				LD_RUNPATH_SEARCH_PATHS = "$(inherited) @executable_path/Frameworks";
				PRODUCT_NAME = "$(TARGET_NAME)";
			};
			name = Debug;
		};
		53E8E08C1A11201200259FE3 /* Release */ = {
			isa = XCBuildConfiguration;
			buildSettings = {
				ASSETCATALOG_COMPILER_APPICON_NAME = AppIcon;
				INFOPLIST_FILE = "Thousand Words/Info.plist";
				LD_RUNPATH_SEARCH_PATHS = "$(inherited) @executable_path/Frameworks";
				PRODUCT_NAME = "$(TARGET_NAME)";
			};
			name = Release;
		};
		53E8E08E1A11201200259FE3 /* Debug */ = {
			isa = XCBuildConfiguration;
			buildSettings = {
				BUNDLE_LOADER = "$(TEST_HOST)";
				FRAMEWORK_SEARCH_PATHS = (
					"$(SDKROOT)/Developer/Library/Frameworks",
					"$(inherited)",
				);
				GCC_PREPROCESSOR_DEFINITIONS = (
					"DEBUG=1",
					"$(inherited)",
				);
				INFOPLIST_FILE = "Thousand WordsTests/Info.plist";
				LD_RUNPATH_SEARCH_PATHS = "$(inherited) @executable_path/Frameworks @loader_path/Frameworks";
				PRODUCT_NAME = "$(TARGET_NAME)";
				TEST_HOST = "$(BUILT_PRODUCTS_DIR)/Thousand Words.app/Thousand Words";
			};
			name = Debug;
		};
		53E8E08F1A11201200259FE3 /* Release */ = {
			isa = XCBuildConfiguration;
			buildSettings = {
				BUNDLE_LOADER = "$(TEST_HOST)";
				FRAMEWORK_SEARCH_PATHS = (
					"$(SDKROOT)/Developer/Library/Frameworks",
					"$(inherited)",
				);
				INFOPLIST_FILE = "Thousand WordsTests/Info.plist";
				LD_RUNPATH_SEARCH_PATHS = "$(inherited) @executable_path/Frameworks @loader_path/Frameworks";
				PRODUCT_NAME = "$(TARGET_NAME)";
				TEST_HOST = "$(BUILT_PRODUCTS_DIR)/Thousand Words.app/Thousand Words";
			};
			name = Release;
		};
/* End XCBuildConfiguration section */

/* Begin XCConfigurationList section */
		53E8E05F1A11201200259FE3 /* Build configuration list for PBXProject "Thousand Words" */ = {
			isa = XCConfigurationList;
			buildConfigurations = (
				53E8E0881A11201200259FE3 /* Debug */,
				53E8E0891A11201200259FE3 /* Release */,
			);
			defaultConfigurationIsVisible = 0;
			defaultConfigurationName = Release;
		};
		53E8E08A1A11201200259FE3 /* Build configuration list for PBXNativeTarget "Thousand Words" */ = {
			isa = XCConfigurationList;
			buildConfigurations = (
				53E8E08B1A11201200259FE3 /* Debug */,
				53E8E08C1A11201200259FE3 /* Release */,
			);
			defaultConfigurationIsVisible = 0;
			defaultConfigurationName = Release;
		};
		53E8E08D1A11201200259FE3 /* Build configuration list for PBXNativeTarget "Thousand WordsTests" */ = {
			isa = XCConfigurationList;
			buildConfigurations = (
				53E8E08E1A11201200259FE3 /* Debug */,
				53E8E08F1A11201200259FE3 /* Release */,
			);
			defaultConfigurationIsVisible = 0;
			defaultConfigurationName = Release;
		};
/* End XCConfigurationList section */

/* Begin XCVersionGroup section */
		53E8E06E1A11201200259FE3 /* Thousand_Words.xcdatamodeld */ = {
			isa = XCVersionGroup;
			children = (
				53E8E06F1A11201200259FE3 /* Thousand_Words.xcdatamodel */,
			);
			currentVersion = 53E8E06F1A11201200259FE3 /* Thousand_Words.xcdatamodel */;
			path = Thousand_Words.xcdatamodeld;
			sourceTree = "<group>";
			versionGroupType = wrapper.xcdatamodel;
		};
/* End XCVersionGroup section */
	};
	rootObject = 53E8E05C1A11201200259FE3 /* Project object */;
}
